{
    "_meta": {
        "hash": {
            "sha256": "71134e37e86a37f9e4c72dbf2e5941c9b436b081eab04c06edaa8d7fe62921ff"
        },
        "pipfile-spec": 6,
        "requires": {
            "python_version": "*"
        },
        "sources": [
            {
                "name": "pypi",
                "url": "https://pypi.org/simple",
                "verify_ssl": true
            }
        ]
    },
    "default": {},
    "develop": {
        "autopep8": {
            "hashes": [
                "sha256:57c1026ee3ee40f57c5b93073b705f8e30aa52411fca33306d730274d2882bba",
                "sha256:bc9b267f14d358a9af574b95e95a661681c60a275ffce419ba5fb4eae9920bcc"
            ],
            "index": "pypi",
            "markers": "python_version >= '3.8'",
            "version": "==2.1.1"
        },
        "pycodestyle": {
            "hashes": [
                "sha256:41ba0e7afc9752dfb53ced5489e89f8186be00e599e712660695b7a75ff2663f",
                "sha256:44fe31000b2d866f2e41841b18528a505fbd7fef9017b04eff4e2648a0fadc67"
            ],
            "markers": "python_version >= '3.8'",
            "version": "==2.11.1"
        }
    }
}
